PODS:
  - Alamofire (4.9.1)
  - GoogleMaps (6.1.1):
    - GoogleMaps/Maps (= 6.1.1)
  - GoogleMaps/Base (6.1.1)
  - GoogleMaps/Maps (6.1.1):
    - GoogleMaps/Base
  - Swinject (2.8.1)

DEPENDENCIES:
  - Alamofire (~> 4.8)
  - GoogleMaps (= 6.1.1)
  - Swinject (~> 2.8.1)

SPEC REPOS:
  trunk:
    - Alamofire
    - GoogleMaps
    - Swinject

SPEC CHECKSUMS:
  Alamofire: 85e8a02c69d6020a0d734f6054870d7ecb75cf18
  GoogleMaps: 94e6e0851beece6678af9f508f4918b7a7c61722
  Swinject: 97112918bd7e0785dc2df7036213f3c8cbba6586

PODFILE CHECKSUM: 4ea1a9524adeb0cfb6dd7356a17cefac9c99edd7

COCOAPODS: 1.11.3
